
Microsoft Visual Studio Solution File, Format Version 12.00
# Visual Studio Version 17
VisualStudioVersion = 17.7.34024.191
MinimumVisualStudioVersion = 10.0.40219.1
Project("{FAE04EC0-301F-11D3-BF4B-00C04F79EFBC}") = "preacica clases", "preacica clases\preacica clases.csproj", "{05DE86F9-5D9C-4543-8CCB-7792D788C5F1}"
EndProject
Global
	GlobalSection(SolutionConfigurationPlatforms) = preSolution
		Debug|Any CPU = Debug|Any CPU
		Release|Any CPU = Release|Any CPU
	EndGlobalSection
	GlobalSection(ProjectConfigurationPlatforms) = postSolution
		{05DE86F9-5D9C-4543-8CCB-7792D788C5F1}.Debug|Any CPU.ActiveCfg = Debug|Any CPU
		{05DE86F9-5D9C-4543-8CCB-7792D788C5F1}.Debug|Any CPU.Build.0 = Debug|Any CPU
		{05DE86F9-5D9C-4543-8CCB-7792D788C5F1}.Release|Any CPU.ActiveCfg = Release|Any CPU
		{05DE86F9-5D9C-4543-8CCB-7792D788C5F1}.Release|Any CPU.Build.0 = Release|Any CPU
	EndGlobalSection
	GlobalSection(SolutionProperties) = preSolution
		HideSolutionNode = FALSE
	EndGlobalSection
	GlobalSection(ExtensibilityGlobals) = postSolution
		SolutionGuid = {72C1EAEA-6E60-4BEA-83BB-CA449D2E677A}
	EndGlobalSection
EndGlobal
